// !$*UTF8*$!
{
	archiveVersion = 1;
	classes = {
	};
	objectVersion = 56;
	objects = {

/* Begin PBXBuildFile section */
		725B581D2953782400E2BE34 /* TabBarController.swift in Sources */ = {isa = PBXBuildFile; fileRef = 725B581C2953782400E2BE34 /* TabBarController.swift */; };
		725B5820295378B100E2BE34 /* UIColor+extension.swift in Sources */ = {isa = PBXBuildFile; fileRef = 725B581F295378B100E2BE34 /* UIColor+extension.swift */; };
		72B4B5212916F13F009745B3 /* AppDelegate.swift in Sources */ = {isa = PBXBuildFile; fileRef = 72B4B5202916F13F009745B3 /* AppDelegate.swift */; };
		72B4B5232916F13F009745B3 /* SceneDelegate.swift in Sources */ = {isa = PBXBuildFile; fileRef = 72B4B5222916F13F009745B3 /* SceneDelegate.swift */; };
		72B4B5252916F13F009745B3 /* BaseViewController.swift in Sources */ = {isa = PBXBuildFile; fileRef = 72B4B5242916F13F009745B3 /* BaseViewController.swift */; };
		72B4B52A2916F141009745B3 /* Assets.xcassets in Resources */ = {isa = PBXBuildFile; fileRef = 72B4B5292916F141009745B3 /* Assets.xcassets */; };
		72B4B52D2916F141009745B3 /* LaunchScreen.storyboard in Resources */ = {isa = PBXBuildFile; fileRef = 72B4B52B2916F141009745B3 /* LaunchScreen.storyboard */; };
		72B4E59829ED3DB80082972A /* SecondaryButton.swift in Sources */ = {isa = PBXBuildFile; fileRef = 72B4E59729ED3DB80082972A /* SecondaryButton.swift */; };
		72B4E59A29EE679D0082972A /* OverviewNavBar.swift in Sources */ = {isa = PBXBuildFile; fileRef = 72B4E59929EE679D0082972A /* OverviewNavBar.swift */; };
		72B4E59C29EE8A390082972A /* WeekView.swift in Sources */ = {isa = PBXBuildFile; fileRef = 72B4E59B29EE8A380082972A /* WeekView.swift */; };
		72B4E59E29EE8F670082972A /* WeekdayView.swift in Sources */ = {isa = PBXBuildFile; fileRef = 72B4E59D29EE8F670082972A /* WeekdayView.swift */; };
		72B4E5A029EE9BEE0082972A /* Date+extension.swift in Sources */ = {isa = PBXBuildFile; fileRef = 72B4E59F29EE9BEE0082972A /* Date+extension.swift */; };
		72B4E5A329EFC2530082972A /* BaseInfoView.swift in Sources */ = {isa = PBXBuildFile; fileRef = 72B4E5A229EFC2530082972A /* BaseInfoView.swift */; };
		72BC585C29ED2C4100D8B09A /* NavBarController.swift in Sources */ = {isa = PBXBuildFile; fileRef = 72BC585B29ED2C4100D8B09A /* NavBarController.swift */; };
		72BC585E29ED2CAD00D8B09A /* UIFont+extension.swift in Sources */ = {isa = PBXBuildFile; fileRef = 72BC585D29ED2CAD00D8B09A /* UIFont+extension.swift */; };
		72BC586029ED2D4500D8B09A /* OverviewController.swift in Sources */ = {isa = PBXBuildFile; fileRef = 72BC585F29ED2D4500D8B09A /* OverviewController.swift */; };
		72BC586229ED2D5A00D8B09A /* ProgressController.swift in Sources */ = {isa = PBXBuildFile; fileRef = 72BC586129ED2D5A00D8B09A /* ProgressController.swift */; };
		72BC586429ED2D6B00D8B09A /* SessionController.swift in Sources */ = {isa = PBXBuildFile; fileRef = 72BC586329ED2D6B00D8B09A /* SessionController.swift */; };
		72BC586629ED2D7800D8B09A /* SettingsController.swift in Sources */ = {isa = PBXBuildFile; fileRef = 72BC586529ED2D7800D8B09A /* SettingsController.swift */; };
		72BC586829ED2E3200D8B09A /* UIView+extension.swift in Sources */ = {isa = PBXBuildFile; fileRef = 72BC586729ED2E3200D8B09A /* UIView+extension.swift */; };
		72E89E3929EFD5A6008424E2 /* BaseInfoViewButton.swift in Sources */ = {isa = PBXBuildFile; fileRef = 72E89E3829EFD5A6008424E2 /* BaseInfoViewButton.swift */; };
		72E89E3B29F10A8F008424E2 /* TimerView.swift in Sources */ = {isa = PBXBuildFile; fileRef = 72E89E3A29F10A8F008424E2 /* TimerView.swift */; };
		72E89E3E29F10B71008424E2 /* TimerProgressView.swift in Sources */ = {isa = PBXBuildFile; fileRef = 72E89E3D29F10B71008424E2 /* TimerProgressView.swift */; };
		72E89E4029F7B68A008424E2 /* TimerPercentView.swift in Sources */ = {isa = PBXBuildFile; fileRef = 72E89E3F29F7B68A008424E2 /* TimerPercentView.swift */; };
		72E89E4529F7C9DB008424E2 /* StatsView.swift in Sources */ = {isa = PBXBuildFile; fileRef = 72E89E4429F7C9DB008424E2 /* StatsView.swift */; };
		72E89E4729F7CA7D008424E2 /* StatsItemView.swift in Sources */ = {isa = PBXBuildFile; fileRef = 72E89E4629F7CA7D008424E2 /* StatsItemView.swift */; };
		72E89E4929FA4A55008424E2 /* StepsView.swift in Sources */ = {isa = PBXBuildFile; fileRef = 72E89E4829FA4A55008424E2 /* StepsView.swift */; };
		72E89E4B29FA50D7008424E2 /* BaseBarView.swift in Sources */ = {isa = PBXBuildFile; fileRef = 72E89E4A29FA50D7008424E2 /* BaseBarView.swift */; };
		72E89E4F29FA608F008424E2 /* DailyPerformanceView.swift in Sources */ = {isa = PBXBuildFile; fileRef = 72E89E4E29FA608F008424E2 /* DailyPerformanceView.swift */; };
		72E89E5229FCF683008424E2 /* MonthlyPerformanceView.swift in Sources */ = {isa = PBXBuildFile; fileRef = 72E89E5129FCF683008424E2 /* MonthlyPerformanceView.swift */; };
		72E89E5429FCF8D0008424E2 /* YAxisView.swift in Sources */ = {isa = PBXBuildFile; fileRef = 72E89E5329FCF8D0008424E2 /* YAxisView.swift */; };
		72E89E5629FCF8DE008424E2 /* XAxisView.swift in Sources */ = {isa = PBXBuildFile; fileRef = 72E89E5529FCF8DE008424E2 /* XAxisView.swift */; };
		72E89E5829FD00CC008424E2 /* ChartView.swift in Sources */ = {isa = PBXBuildFile; fileRef = 72E89E5729FD00CC008424E2 /* ChartView.swift */; };
/* End PBXBuildFile section */

/* Begin PBXFileReference section */
		725B581C2953782400E2BE34 /* TabBarController.swift */ = {isa = PBXFileReference; lastKnownFileType = sourcecode.swift; path = TabBarController.swift; sourceTree = "<group>"; };
		725B581F295378B100E2BE34 /* UIColor+extension.swift */ = {isa = PBXFileReference; lastKnownFileType = sourcecode.swift; path = "UIColor+extension.swift"; sourceTree = "<group>"; };
		72B4B51D2916F13F009745B3 /* Chaser.app */ = {isa = PBXFileReference; explicitFileType = wrapper.application; includeInIndex = 0; path = Chaser.app; sourceTree = BUILT_PRODUCTS_DIR; };
		72B4B5202916F13F009745B3 /* AppDelegate.swift */ = {isa = PBXFileReference; lastKnownFileType = sourcecode.swift; path = AppDelegate.swift; sourceTree = "<group>"; };
		72B4B5222916F13F009745B3 /* SceneDelegate.swift */ = {isa = PBXFileReference; lastKnownFileType = sourcecode.swift; path = SceneDelegate.swift; sourceTree = "<group>"; };
		72B4B5242916F13F009745B3 /* BaseViewController.swift */ = {isa = PBXFileReference; lastKnownFileType = sourcecode.swift; path = BaseViewController.swift; sourceTree = "<group>"; };
		72B4B5292916F141009745B3 /* Assets.xcassets */ = {isa = PBXFileReference; lastKnownFileType = folder.assetcatalog; path = Assets.xcassets; sourceTree = "<group>"; };
		72B4B52C2916F141009745B3 /* Base */ = {isa = PBXFileReference; lastKnownFileType = file.storyboard; name = Base; path = Base.lproj/LaunchScreen.storyboard; sourceTree = "<group>"; };
		72B4B52E2916F141009745B3 /* Info.plist */ = {isa = PBXFileReference; lastKnownFileType = text.plist.xml; path = Info.plist; sourceTree = "<group>"; };
		72B4E59729ED3DB80082972A /* SecondaryButton.swift */ = {isa = PBXFileReference; lastKnownFileType = sourcecode.swift; path = SecondaryButton.swift; sourceTree = "<group>"; };
		72B4E59929EE679D0082972A /* OverviewNavBar.swift */ = {isa = PBXFileReference; lastKnownFileType = sourcecode.swift; path = OverviewNavBar.swift; sourceTree = "<group>"; };
		72B4E59B29EE8A380082972A /* WeekView.swift */ = {isa = PBXFileReference; lastKnownFileType = sourcecode.swift; path = WeekView.swift; sourceTree = "<group>"; };
		72B4E59D29EE8F670082972A /* WeekdayView.swift */ = {isa = PBXFileReference; lastKnownFileType = sourcecode.swift; path = WeekdayView.swift; sourceTree = "<group>"; };
		72B4E59F29EE9BEE0082972A /* Date+extension.swift */ = {isa = PBXFileReference; lastKnownFileType = sourcecode.swift; path = "Date+extension.swift"; sourceTree = "<group>"; };
		72B4E5A229EFC2530082972A /* BaseInfoView.swift */ = {isa = PBXFileReference; lastKnownFileType = sourcecode.swift; path = BaseInfoView.swift; sourceTree = "<group>"; };
		72BC585B29ED2C4100D8B09A /* NavBarController.swift */ = {isa = PBXFileReference; lastKnownFileType = sourcecode.swift; path = NavBarController.swift; sourceTree = "<group>"; };
		72BC585D29ED2CAD00D8B09A /* UIFont+extension.swift */ = {isa = PBXFileReference; lastKnownFileType = sourcecode.swift; path = "UIFont+extension.swift"; sourceTree = "<group>"; };
		72BC585F29ED2D4500D8B09A /* OverviewController.swift */ = {isa = PBXFileReference; lastKnownFileType = sourcecode.swift; path = OverviewController.swift; sourceTree = "<group>"; };
		72BC586129ED2D5A00D8B09A /* ProgressController.swift */ = {isa = PBXFileReference; lastKnownFileType = sourcecode.swift; path = ProgressController.swift; sourceTree = "<group>"; };
		72BC586329ED2D6B00D8B09A /* SessionController.swift */ = {isa = PBXFileReference; lastKnownFileType = sourcecode.swift; path = SessionController.swift; sourceTree = "<group>"; };
		72BC586529ED2D7800D8B09A /* SettingsController.swift */ = {isa = PBXFileReference; lastKnownFileType = sourcecode.swift; path = SettingsController.swift; sourceTree = "<group>"; };
		72BC586729ED2E3200D8B09A /* UIView+extension.swift */ = {isa = PBXFileReference; lastKnownFileType = sourcecode.swift; path = "UIView+extension.swift"; sourceTree = "<group>"; };
		72E89E3829EFD5A6008424E2 /* BaseInfoViewButton.swift */ = {isa = PBXFileReference; lastKnownFileType = sourcecode.swift; path = BaseInfoViewButton.swift; sourceTree = "<group>"; };
		72E89E3A29F10A8F008424E2 /* TimerView.swift */ = {isa = PBXFileReference; lastKnownFileType = sourcecode.swift; path = TimerView.swift; sourceTree = "<group>"; };
		72E89E3D29F10B71008424E2 /* TimerProgressView.swift */ = {isa = PBXFileReference; lastKnownFileType = sourcecode.swift; path = TimerProgressView.swift; sourceTree = "<group>"; };
		72E89E3F29F7B68A008424E2 /* TimerPercentView.swift */ = {isa = PBXFileReference; lastKnownFileType = sourcecode.swift; path = TimerPercentView.swift; sourceTree = "<group>"; };
		72E89E4429F7C9DB008424E2 /* StatsView.swift */ = {isa = PBXFileReference; lastKnownFileType = sourcecode.swift; path = StatsView.swift; sourceTree = "<group>"; };
		72E89E4629F7CA7D008424E2 /* StatsItemView.swift */ = {isa = PBXFileReference; lastKnownFileType = sourcecode.swift; path = StatsItemView.swift; sourceTree = "<group>"; };
		72E89E4829FA4A55008424E2 /* StepsView.swift */ = {isa = PBXFileReference; lastKnownFileType = sourcecode.swift; path = StepsView.swift; sourceTree = "<group>"; };
		72E89E4A29FA50D7008424E2 /* BaseBarView.swift */ = {isa = PBXFileReference; lastKnownFileType = sourcecode.swift; path = BaseBarView.swift; sourceTree = "<group>"; };
		72E89E4E29FA608F008424E2 /* DailyPerformanceView.swift */ = {isa = PBXFileReference; lastKnownFileType = sourcecode.swift; path = DailyPerformanceView.swift; sourceTree = "<group>"; };
		72E89E5129FCF683008424E2 /* MonthlyPerformanceView.swift */ = {isa = PBXFileReference; lastKnownFileType = sourcecode.swift; path = MonthlyPerformanceView.swift; sourceTree = "<group>"; };
		72E89E5329FCF8D0008424E2 /* YAxisView.swift */ = {isa = PBXFileReference; lastKnownFileType = sourcecode.swift; path = YAxisView.swift; sourceTree = "<group>"; };
		72E89E5529FCF8DE008424E2 /* XAxisView.swift */ = {isa = PBXFileReference; lastKnownFileType = sourcecode.swift; path = XAxisView.swift; sourceTree = "<group>"; };
		72E89E5729FD00CC008424E2 /* ChartView.swift */ = {isa = PBXFileReference; lastKnownFileType = sourcecode.swift; path = ChartView.swift; sourceTree = "<group>"; };
/* End PBXFileReference section */

/* Begin PBXFrameworksBuildPhase section */
		72B4B51A2916F13F009745B3 /* Frameworks */ = {
			isa = PBXFrameworksBuildPhase;
			buildActionMask = 2147483647;
			files = (
			);
			runOnlyForDeploymentPostprocessing = 0;
		};
/* End PBXFrameworksBuildPhase section */

/* Begin PBXGroup section */
		725B581A295376E000E2BE34 /* Application */ = {
			isa = PBXGroup;
			children = (
				72B4B5202916F13F009745B3 /* AppDelegate.swift */,
				72B4B5222916F13F009745B3 /* SceneDelegate.swift */,
			);
			path = Application;
			sourceTree = "<group>";
		};
		725B581B2953770B00E2BE34 /* Support files */ = {
			isa = PBXGroup;
			children = (
				72B4B5292916F141009745B3 /* Assets.xcassets */,
				72B4B52B2916F141009745B3 /* LaunchScreen.storyboard */,
				72B4B52E2916F141009745B3 /* Info.plist */,
			);
			path = "Support files";
			sourceTree = "<group>";
		};
		725B581E2953789400E2BE34 /* Helpers */ = {
			isa = PBXGroup;
			children = (
				725B5821295378CE00E2BE34 /* Extensions */,
			);
			path = Helpers;
			sourceTree = "<group>";
		};
		725B5821295378CE00E2BE34 /* Extensions */ = {
			isa = PBXGroup;
			children = (
				725B581F295378B100E2BE34 /* UIColor+extension.swift */,
				72BC585D29ED2CAD00D8B09A /* UIFont+extension.swift */,
				72B4E59F29EE9BEE0082972A /* Date+extension.swift */,
				72BC586729ED2E3200D8B09A /* UIView+extension.swift */,
			);
			path = Extensions;
			sourceTree = "<group>";
		};
		72B4B5142916F13F009745B3 = {
			isa = PBXGroup;
			children = (
				72B4B51F2916F13F009745B3 /* Chaser */,
				72B4B51E2916F13F009745B3 /* Products */,
			);
			sourceTree = "<group>";
		};
		72B4B51E2916F13F009745B3 /* Products */ = {
			isa = PBXGroup;
			children = (
				72B4B51D2916F13F009745B3 /* Chaser.app */,
			);
			name = Products;
			sourceTree = "<group>";
		};
		72B4B51F2916F13F009745B3 /* Chaser */ = {
			isa = PBXGroup;
			children = (
				725B581A295376E000E2BE34 /* Application */,
				72BC586929ED3D5700D8B09A /* Views */,
				72BC585929ED2BF100D8B09A /* Controllers */,
				725B581E2953789400E2BE34 /* Helpers */,
				725B581B2953770B00E2BE34 /* Support files */,
			);
			path = Chaser;
			sourceTree = "<group>";
		};
		72B4E5A129EFBDAE0082972A /* SessionViews */ = {
			isa = PBXGroup;
			children = (
				72E89E4129F7C523008424E2 /* Timer */,
				72E89E4229F7C52E008424E2 /* Stats */,
				72E89E4329F7C734008424E2 /* Steps */,
			);
			path = SessionViews;
			sourceTree = "<group>";
		};
		72BC585929ED2BF100D8B09A /* Controllers */ = {
			isa = PBXGroup;
			children = (
				72BC585A29ED2C0000D8B09A /* Base */,
				72BC585F29ED2D4500D8B09A /* OverviewController.swift */,
				72BC586329ED2D6B00D8B09A /* SessionController.swift */,
				72BC586129ED2D5A00D8B09A /* ProgressController.swift */,
				72BC586529ED2D7800D8B09A /* SettingsController.swift */,
			);
			path = Controllers;
			sourceTree = "<group>";
		};
		72BC585A29ED2C0000D8B09A /* Base */ = {
			isa = PBXGroup;
			children = (
				725B581C2953782400E2BE34 /* TabBarController.swift */,
				72B4B5242916F13F009745B3 /* BaseViewController.swift */,
				72BC585B29ED2C4100D8B09A /* NavBarController.swift */,
			);
			path = Base;
			sourceTree = "<group>";
		};
		72BC586929ED3D5700D8B09A /* Views */ = {
			isa = PBXGroup;
			children = (
				72E89E3C29F10A95008424E2 /* Base */,
				72BC586A29ED3D6200D8B09A /* OverviewViews */,
				72B4E5A129EFBDAE0082972A /* SessionViews */,
				72E89E4C29FA5FD8008424E2 /* ProgressViews */,
			);
			path = Views;
			sourceTree = "<group>";
		};
		72BC586A29ED3D6200D8B09A /* OverviewViews */ = {
			isa = PBXGroup;
			children = (
				72B4E59729ED3DB80082972A /* SecondaryButton.swift */,
				72B4E59929EE679D0082972A /* OverviewNavBar.swift */,
				72B4E59B29EE8A380082972A /* WeekView.swift */,
				72B4E59D29EE8F670082972A /* WeekdayView.swift */,
			);
			path = OverviewViews;
			sourceTree = "<group>";
		};
		72E89E3C29F10A95008424E2 /* Base */ = {
			isa = PBXGroup;
			children = (
				72B4E5A229EFC2530082972A /* BaseInfoView.swift */,
				72E89E3829EFD5A6008424E2 /* BaseInfoViewButton.swift */,
				72E89E4A29FA50D7008424E2 /* BaseBarView.swift */,
			);
			path = Base;
			sourceTree = "<group>";
		};
		72E89E4129F7C523008424E2 /* Timer */ = {
			isa = PBXGroup;
			children = (
				72E89E3A29F10A8F008424E2 /* TimerView.swift */,
				72E89E3D29F10B71008424E2 /* TimerProgressView.swift */,
				72E89E3F29F7B68A008424E2 /* TimerPercentView.swift */,
			);
			path = Timer;
			sourceTree = "<group>";
		};
		72E89E4229F7C52E008424E2 /* Stats */ = {
			isa = PBXGroup;
			children = (
				72E89E4429F7C9DB008424E2 /* StatsView.swift */,
				72E89E4629F7CA7D008424E2 /* StatsItemView.swift */,
			);
			path = Stats;
			sourceTree = "<group>";
		};
		72E89E4329F7C734008424E2 /* Steps */ = {
			isa = PBXGroup;
			children = (
				72E89E4829FA4A55008424E2 /* StepsView.swift */,
			);
			path = Steps;
			sourceTree = "<group>";
		};
		72E89E4C29FA5FD8008424E2 /* ProgressViews */ = {
			isa = PBXGroup;
			children = (
				72E89E4D29FA603D008424E2 /* DailyPerformance */,
				72E89E5029FCF662008424E2 /* MonthlyPerformance */,
			);
			path = ProgressViews;
			sourceTree = "<group>";
		};
		72E89E4D29FA603D008424E2 /* DailyPerformance */ = {
			isa = PBXGroup;
			children = (
				72E89E4E29FA608F008424E2 /* DailyPerformanceView.swift */,
			);
			path = DailyPerformance;
			sourceTree = "<group>";
		};
		72E89E5029FCF662008424E2 /* MonthlyPerformance */ = {
			isa = PBXGroup;
			children = (
				72E89E5129FCF683008424E2 /* MonthlyPerformanceView.swift */,
				72E89E5329FCF8D0008424E2 /* YAxisView.swift */,
				72E89E5529FCF8DE008424E2 /* XAxisView.swift */,
				72E89E5729FD00CC008424E2 /* ChartView.swift */,
			);
			path = MonthlyPerformance;
			sourceTree = "<group>";
		};
/* End PBXGroup section */

/* Begin PBXNativeTarget section */
		72B4B51C2916F13F009745B3 /* Chaser */ = {
			isa = PBXNativeTarget;
			buildConfigurationList = 72B4B5312916F141009745B3 /* Build configuration list for PBXNativeTarget "Chaser" */;
			buildPhases = (
				72B4B5192916F13F009745B3 /* Sources */,
				72B4B51A2916F13F009745B3 /* Frameworks */,
				72B4B51B2916F13F009745B3 /* Resources */,
			);
			buildRules = (
			);
			dependencies = (
			);
			name = Chaser;
			productName = Chaser;
			productReference = 72B4B51D2916F13F009745B3 /* Chaser.app */;
			productType = "com.apple.product-type.application";
		};
/* End PBXNativeTarget section */

/* Begin PBXProject section */
		72B4B5152916F13F009745B3 /* Project object */ = {
			isa = PBXProject;
			attributes = {
				BuildIndependentTargetsInParallel = 1;
				LastSwiftUpdateCheck = 1400;
				LastUpgradeCheck = 1400;
				TargetAttributes = {
					72B4B51C2916F13F009745B3 = {
						CreatedOnToolsVersion = 14.0.1;
					};
				};
			};
			buildConfigurationList = 72B4B5182916F13F009745B3 /* Build configuration list for PBXProject "Chaser" */;
			compatibilityVersion = "Xcode 14.0";
			developmentRegion = en;
			hasScannedForEncodings = 0;
			knownRegions = (
				en,
				Base,
			);
			mainGroup = 72B4B5142916F13F009745B3;
			productRefGroup = 72B4B51E2916F13F009745B3 /* Products */;
			projectDirPath = "";
			projectRoot = "";
			targets = (
				72B4B51C2916F13F009745B3 /* Chaser */,
			);
		};
/* End PBXProject section */

/* Begin PBXResourcesBuildPhase section */
		72B4B51B2916F13F009745B3 /* Resources */ = {
			isa = PBXResourcesBuildPhase;
			buildActionMask = 2147483647;
			files = (
				72B4B52D2916F141009745B3 /* LaunchScreen.storyboard in Resources */,
				72B4B52A2916F141009745B3 /* Assets.xcassets in Resources */,
			);
			runOnlyForDeploymentPostprocessing = 0;
		};
/* End PBXResourcesBuildPhase section */

/* Begin PBXSourcesBuildPhase section */
		72B4B5192916F13F009745B3 /* Sources */ = {
			isa = PBXSourcesBuildPhase;
			buildActionMask = 2147483647;
			files = (
				72B4B5252916F13F009745B3 /* BaseViewController.swift in Sources */,
				72B4E5A329EFC2530082972A /* BaseInfoView.swift in Sources */,
				72B4E59E29EE8F670082972A /* WeekdayView.swift in Sources */,
				72BC585C29ED2C4100D8B09A /* NavBarController.swift in Sources */,
				72E89E4F29FA608F008424E2 /* DailyPerformanceView.swift in Sources */,
				72B4E59A29EE679D0082972A /* OverviewNavBar.swift in Sources */,
				725B581D2953782400E2BE34 /* TabBarController.swift in Sources */,
				72E89E5229FCF683008424E2 /* MonthlyPerformanceView.swift in Sources */,
				72E89E5629FCF8DE008424E2 /* XAxisView.swift in Sources */,
				72E89E5829FD00CC008424E2 /* ChartView.swift in Sources */,
				725B5820295378B100E2BE34 /* UIColor+extension.swift in Sources */,
				72BC586429ED2D6B00D8B09A /* SessionController.swift in Sources */,
				72B4E59C29EE8A390082972A /* WeekView.swift in Sources */,
				72E89E5429FCF8D0008424E2 /* YAxisView.swift in Sources */,
				72E89E3929EFD5A6008424E2 /* BaseInfoViewButton.swift in Sources */,
				72E89E3B29F10A8F008424E2 /* TimerView.swift in Sources */,
				72E89E3E29F10B71008424E2 /* TimerProgressView.swift in Sources */,
				72BC586629ED2D7800D8B09A /* SettingsController.swift in Sources */,
				72E89E4B29FA50D7008424E2 /* BaseBarView.swift in Sources */,
				72E89E4929FA4A55008424E2 /* StepsView.swift in Sources */,
				72B4E5A029EE9BEE0082972A /* Date+extension.swift in Sources */,
				72B4E59829ED3DB80082972A /* SecondaryButton.swift in Sources */,
				72E89E4729F7CA7D008424E2 /* StatsItemView.swift in Sources */,
				72BC586829ED2E3200D8B09A /* UIView+extension.swift in Sources */,
				72E89E4029F7B68A008424E2 /* TimerPercentView.swift in Sources */,
				72BC585E29ED2CAD00D8B09A /* UIFont+extension.swift in Sources */,
				72BC586229ED2D5A00D8B09A /* ProgressController.swift in Sources */,
				72B4B5212916F13F009745B3 /* AppDelegate.swift in Sources */,
				72E89E4529F7C9DB008424E2 /* StatsView.swift in Sources */,
				72BC586029ED2D4500D8B09A /* OverviewController.swift in Sources */,
				72B4B5232916F13F009745B3 /* SceneDelegate.swift in Sources */,
			);
			runOnlyForDeploymentPostprocessing = 0;
		};
/* End PBXSourcesBuildPhase section */

/* Begin PBXVariantGroup section */
		72B4B52B2916F141009745B3 /* LaunchScreen.storyboard */ = {
			isa = PBXVariantGroup;
			children = (
				72B4B52C2916F141009745B3 /* Base */,
			);
			name = LaunchScreen.storyboard;
			sourceTree = "<group>";
		};
/* End PBXVariantGroup section */

/* Begin XCBuildConfiguration section */
		72B4B52F2916F141009745B3 /* Debug */ = {
			isa = XCBuildConfiguration;
			buildSettings = {
				ALWAYS_SEARCH_USER_PATHS = NO;
				CLANG_ANALYZER_NONNULL = YES;
				CLANG_ANALYZER_NUMBER_OBJECT_CONVERSION = YES_AGGRESSIVE;
				CLANG_CXX_LANGUAGE_STANDARD = "gnu++20";
				CLANG_ENABLE_MODULES = YES;
				CLANG_ENABLE_OBJC_ARC = YES;
				CLANG_ENABLE_OBJC_WEAK = YES;
				CLANG_WARN_BLOCK_CAPTURE_AUTORELEASING = YES;
				CLANG_WARN_BOOL_CONVERSION = YES;
				CLANG_WARN_COMMA = YES;
				CLANG_WARN_CONSTANT_CONVERSION = YES;
				CLANG_WARN_DEPRECATED_OBJC_IMPLEMENTATIONS = YES;
				CLANG_WARN_DIRECT_OBJC_ISA_USAGE = YES_ERROR;
				CLANG_WARN_DOCUMENTATION_COMMENTS = YES;
				CLANG_WARN_EMPTY_BODY = YES;
				CLANG_WARN_ENUM_CONVERSION = YES;
				CLANG_WARN_INFINITE_RECURSION = YES;
				CLANG_WARN_INT_CONVERSION = YES;
				CLANG_WARN_NON_LITERAL_NULL_CONVERSION = YES;
				CLANG_WARN_OBJC_IMPLICIT_RETAIN_SELF = YES;
				CLANG_WARN_OBJC_LITERAL_CONVERSION = YES;
				CLANG_WARN_OBJC_ROOT_CLASS = YES_ERROR;
				CLANG_WARN_QUOTED_INCLUDE_IN_FRAMEWORK_HEADER = YES;
				CLANG_WARN_RANGE_LOOP_ANALYSIS = YES;
				CLANG_WARN_STRICT_PROTOTYPES = YES;
				CLANG_WARN_SUSPICIOUS_MOVE = YES;
				CLANG_WARN_UNGUARDED_AVAILABILITY = YES_AGGRESSIVE;
				CLANG_WARN_UNREACHABLE_CODE = YES;
				CLANG_WARN__DUPLICATE_METHOD_MATCH = YES;
				COPY_PHASE_STRIP = NO;
				DEBUG_INFORMATION_FORMAT = dwarf;
				ENABLE_STRICT_OBJC_MSGSEND = YES;
				ENABLE_TESTABILITY = YES;
				GCC_C_LANGUAGE_STANDARD = gnu11;
				GCC_DYNAMIC_NO_PIC = NO;
				GCC_NO_COMMON_BLOCKS = YES;
				GCC_OPTIMIZATION_LEVEL = 0;
				GCC_PREPROCESSOR_DEFINITIONS = (
					"DEBUG=1",
					"$(inherited)",
				);
				GCC_WARN_64_TO_32_BIT_CONVERSION = YES;
				GCC_WARN_ABOUT_RETURN_TYPE = YES_ERROR;
				GCC_WARN_UNDECLARED_SELECTOR = YES;
				GCC_WARN_UNINITIALIZED_AUTOS = YES_AGGRESSIVE;
				GCC_WARN_UNUSED_FUNCTION = YES;
				GCC_WARN_UNUSED_VARIABLE = YES;
				IPHONEOS_DEPLOYMENT_TARGET = 16.0;
				MTL_ENABLE_DEBUG_INFO = INCLUDE_SOURCE;
				MTL_FAST_MATH = YES;
				ONLY_ACTIVE_ARCH = YES;
				SDKROOT = iphoneos;
				SWIFT_ACTIVE_COMPILATION_CONDITIONS = DEBUG;
				SWIFT_OPTIMIZATION_LEVEL = "-Onone";
			};
			name = Debug;
		};
		72B4B5302916F141009745B3 /* Release */ = {
			isa = XCBuildConfiguration;
			buildSettings = {
				ALWAYS_SEARCH_USER_PATHS = NO;
				CLANG_ANALYZER_NONNULL = YES;
				CLANG_ANALYZER_NUMBER_OBJECT_CONVERSION = YES_AGGRESSIVE;
				CLANG_CXX_LANGUAGE_STANDARD = "gnu++20";
				CLANG_ENABLE_MODULES = YES;
				CLANG_ENABLE_OBJC_ARC = YES;
				CLANG_ENABLE_OBJC_WEAK = YES;
				CLANG_WARN_BLOCK_CAPTURE_AUTORELEASING = YES;
				CLANG_WARN_BOOL_CONVERSION = YES;
				CLANG_WARN_COMMA = YES;
				CLANG_WARN_CONSTANT_CONVERSION = YES;
				CLANG_WARN_DEPRECATED_OBJC_IMPLEMENTATIONS = YES;
				CLANG_WARN_DIRECT_OBJC_ISA_USAGE = YES_ERROR;
				CLANG_WARN_DOCUMENTATION_COMMENTS = YES;
				CLANG_WARN_EMPTY_BODY = YES;
				CLANG_WARN_ENUM_CONVERSION = YES;
				CLANG_WARN_INFINITE_RECURSION = YES;
				CLANG_WARN_INT_CONVERSION = YES;
				CLANG_WARN_NON_LITERAL_NULL_CONVERSION = YES;
				CLANG_WARN_OBJC_IMPLICIT_RETAIN_SELF = YES;
				CLANG_WARN_OBJC_LITERAL_CONVERSION = YES;
				CLANG_WARN_OBJC_ROOT_CLASS = YES_ERROR;
				CLANG_WARN_QUOTED_INCLUDE_IN_FRAMEWORK_HEADER = YES;
				CLANG_WARN_RANGE_LOOP_ANALYSIS = YES;
				CLANG_WARN_STRICT_PROTOTYPES = YES;
				CLANG_WARN_SUSPICIOUS_MOVE = YES;
				CLANG_WARN_UNGUARDED_AVAILABILITY = YES_AGGRESSIVE;
				CLANG_WARN_UNREACHABLE_CODE = YES;
				CLANG_WARN__DUPLICATE_METHOD_MATCH = YES;
				COPY_PHASE_STRIP = NO;
				DEBUG_INFORMATION_FORMAT = "dwarf-with-dsym";
				ENABLE_NS_ASSERTIONS = NO;
				ENABLE_STRICT_OBJC_MSGSEND = YES;
				GCC_C_LANGUAGE_STANDARD = gnu11;
				GCC_NO_COMMON_BLOCKS = YES;
				GCC_WARN_64_TO_32_BIT_CONVERSION = YES;
				GCC_WARN_ABOUT_RETURN_TYPE = YES_ERROR;
				GCC_WARN_UNDECLARED_SELECTOR = YES;
				GCC_WARN_UNINITIALIZED_AUTOS = YES_AGGRESSIVE;
				GCC_WARN_UNUSED_FUNCTION = YES;
				GCC_WARN_UNUSED_VARIABLE = YES;
				IPHONEOS_DEPLOYMENT_TARGET = 16.0;
				MTL_ENABLE_DEBUG_INFO = NO;
				MTL_FAST_MATH = YES;
				SDKROOT = iphoneos;
				SWIFT_COMPILATION_MODE = wholemodule;
				SWIFT_OPTIMIZATION_LEVEL = "-O";
				VALIDATE_PRODUCT = YES;
			};
			name = Release;
		};
		72B4B5322916F141009745B3 /* Debug */ = {
			isa = XCBuildConfiguration;
			buildSettings = {
				ASSETCATALOG_COMPILER_APPICON_NAME = AppIcon;
				ASSETCATALOG_COMPILER_GLOBAL_ACCENT_COLOR_NAME = AccentColor;
				CODE_SIGN_STYLE = Automatic;
				CURRENT_PROJECT_VERSION = 1;
				DEVELOPMENT_TEAM = B6Y7YG7T65;
				GENERATE_INFOPLIST_FILE = YES;
				INFOPLIST_FILE = "Chaser/Support Files/Info.plist";
				INFOPLIST_KEY_UIApplicationSupportsIndirectInputEvents = YES;
				INFOPLIST_KEY_UILaunchStoryboardName = LaunchScreen;
				INFOPLIST_KEY_UISupportedInterfaceOrientations = UIInterfaceOrientationPortrait;
				INFOPLIST_KEY_UISupportedInterfaceOrientations_iPad = "UIInterfaceOrientationLandscapeLeft UIInterfaceOrientationLandscapeRight UIInterfaceOrientationPortrait UIInterfaceOrientationPortraitUpsideDown";
				LD_RUNPATH_SEARCH_PATHS = (
					"$(inherited)",
					"@executable_path/Frameworks",
				);
				MARKETING_VERSION = 1.0;
				PRODUCT_BUNDLE_IDENTIFIER = Saiko.Chaser;
				PRODUCT_NAME = "$(TARGET_NAME)";
				SUPPORTED_PLATFORMS = "iphoneos iphonesimulator";
				SUPPORTS_MACCATALYST = NO;
				SUPPORTS_MAC_DESIGNED_FOR_IPHONE_IPAD = YES;
				SWIFT_EMIT_LOC_STRINGS = YES;
				SWIFT_VERSION = 5.0;
				TARGETED_DEVICE_FAMILY = 1;
			};
			name = Debug;
		};
		72B4B5332916F141009745B3 /* Release */ = {
			isa = XCBuildConfiguration;
			buildSettings = {
				ASSETCATALOG_COMPILER_APPICON_NAME = AppIcon;
				ASSETCATALOG_COMPILER_GLOBAL_ACCENT_COLOR_NAME = AccentColor;
				CODE_SIGN_STYLE = Automatic;
				CURRENT_PROJECT_VERSION = 1;
				DEVELOPMENT_TEAM = B6Y7YG7T65;
				GENERATE_INFOPLIST_FILE = YES;
				INFOPLIST_FILE = "Chaser/Support Files/Info.plist";
				INFOPLIST_KEY_UIApplicationSupportsIndirectInputEvents = YES;
				INFOPLIST_KEY_UILaunchStoryboardName = LaunchScreen;
				INFOPLIST_KEY_UISupportedInterfaceOrientations = UIInterfaceOrientationPortrait;
				INFOPLIST_KEY_UISupportedInterfaceOrientations_iPad = "UIInterfaceOrientationLandscapeLeft UIInterfaceOrientationLandscapeRight UIInterfaceOrientationPortrait UIInterfaceOrientationPortraitUpsideDown";
				LD_RUNPATH_SEARCH_PATHS = (
					"$(inherited)",
					"@executable_path/Frameworks",
				);
				MARKETING_VERSION = 1.0;
				PRODUCT_BUNDLE_IDENTIFIER = Saiko.Chaser;
				PRODUCT_NAME = "$(TARGET_NAME)";
				SUPPORTED_PLATFORMS = "iphoneos iphonesimulator";
				SUPPORTS_MACCATALYST = NO;
				SUPPORTS_MAC_DESIGNED_FOR_IPHONE_IPAD = YES;
				SWIFT_EMIT_LOC_STRINGS = YES;
				SWIFT_VERSION = 5.0;
				TARGETED_DEVICE_FAMILY = 1;
			};
			name = Release;
		};
/* End XCBuildConfiguration section */

/* Begin XCConfigurationList section */
		72B4B5182916F13F009745B3 /* Build configuration list for PBXProject "Chaser" */ = {
			isa = XCConfigurationList;
			buildConfigurations = (
				72B4B52F2916F141009745B3 /* Debug */,
				72B4B5302916F141009745B3 /* Release */,
			);
			defaultConfigurationIsVisible = 0;
			defaultConfigurationName = Release;
		};
		72B4B5312916F141009745B3 /* Build configuration list for PBXNativeTarget "Chaser" */ = {
			isa = XCConfigurationList;
			buildConfigurations = (
				72B4B5322916F141009745B3 /* Debug */,
				72B4B5332916F141009745B3 /* Release */,
			);
			defaultConfigurationIsVisible = 0;
			defaultConfigurationName = Release;
		};
/* End XCConfigurationList section */
	};
	rootObject = 72B4B5152916F13F009745B3 /* Project object */;
}
